
Microsoft Visual Studio Solution File, Format Version 12.00
# Visual Studio Version 17
VisualStudioVersion = 17.2.32630.192
MinimumVisualStudioVersion = 10.0.40219.1
Project("{9A19103F-16F7-4668-BE54-9A1E7A4F7556}") = "F10Y.Z0010", "F10Y.Z0010\F10Y.Z0010.csproj", "{C1A712BA-F1CD-43B0-AD2C-4E144A521FA8}"
EndProject
Global
	GlobalSection(SolutionConfigurationPlatforms) = preSolution
		Debug|Any CPU = Debug|Any CPU
		Release|Any CPU = Release|Any CPU
	EndGlobalSection
	GlobalSection(ProjectConfigurationPlatforms) = postSolution
		{C1A712BA-F1CD-43B0-AD2C-4E144A521FA8}.Debug|Any CPU.ActiveCfg = Debug|Any CPU
		{C1A712BA-F1CD-43B0-AD2C-4E144A521FA8}.Debug|Any CPU.Build.0 = Debug|Any CPU
		{C1A712BA-F1CD-43B0-AD2C-4E144A521FA8}.Release|Any CPU.ActiveCfg = Release|Any CPU
		{C1A712BA-F1CD-43B0-AD2C-4E144A521FA8}.Release|Any CPU.Build.0 = Release|Any CPU
	EndGlobalSection
	GlobalSection(SolutionProperties) = preSolution
		HideSolutionNode = FALSE
	EndGlobalSection
	GlobalSection(ExtensibilityGlobals) = postSolution
		SolutionGuid = {D6B6DD12-FC8F-490D-AC50-98F89FEBBCBB}
	EndGlobalSection
EndGlobal
