
Microsoft Visual Studio Solution File, Format Version 12.00
# Visual Studio Version 17
VisualStudioVersion = 17.2.32630.192
MinimumVisualStudioVersion = 10.0.40219.1
Project("{9A19103F-16F7-4668-BE54-9A1E7A4F7556}") = "F10Y.Z0010.Construction", "F10Y.Z0010.Construction\F10Y.Z0010.Construction.csproj", "{9C7B1E83-58B2-4D7E-BF40-73FC2C4176FC}"
EndProject
Project("{9A19103F-16F7-4668-BE54-9A1E7A4F7556}") = "F10Y.Z0010", "F10Y.Z0010\F10Y.Z0010.csproj", "{408BCDDD-BB6D-451D-A229-E27E0D5130EA}"
EndProject
Project("{9A19103F-16F7-4668-BE54-9A1E7A4F7556}") = "F10Y.Z0010.Z000", "F10Y.Z0010.Z000\F10Y.Z0010.Z000.csproj", "{B301B1AE-C054-496E-B896-5F46B6349347}"
EndProject
Project("{2150E333-8FDC-42A3-9474-1A3956D46DE8}") = "_Dependencies", "_Dependencies", "{6856F683-4D96-4ADC-A741-3E37D9B801C4}"
EndProject
Project("{9A19103F-16F7-4668-BE54-9A1E7A4F7556}") = "F10Y.L0000", "..\..\F10Y.L0000\source\F10Y.L0000\F10Y.L0000.csproj", "{F142D60F-9377-4A58-BEF1-D7669E79D930}"
EndProject
Project("{9A19103F-16F7-4668-BE54-9A1E7A4F7556}") = "F10Y.T0000", "..\..\F10Y.T0000\source\F10Y.T0000\F10Y.T0000.csproj", "{1572E745-C94F-4DE1-A061-242FFD161AC3}"
EndProject
Project("{9A19103F-16F7-4668-BE54-9A1E7A4F7556}") = "F10Y.T0001", "..\..\F10Y.T0001\source\F10Y.T0001\F10Y.T0001.csproj", "{C34AFCA9-F49C-44B8-9A97-7EF017ECCAAA}"
EndProject
Project("{9A19103F-16F7-4668-BE54-9A1E7A4F7556}") = "F10Y.T0002", "..\..\F10Y.T0002\source\F10Y.T0002\F10Y.T0002.csproj", "{9E0FB813-00FA-42E6-B8C1-27A6AF702A3E}"
EndProject
Project("{9A19103F-16F7-4668-BE54-9A1E7A4F7556}") = "F10Y.T0003", "..\..\F10Y.T0003\source\F10Y.T0003\F10Y.T0003.csproj", "{2C672B31-4D2B-4DE1-9C08-65FD5A12E1D2}"
EndProject
Project("{9A19103F-16F7-4668-BE54-9A1E7A4F7556}") = "F10Y.T0004", "..\..\F10Y.T0004\source\F10Y.T0004\F10Y.T0004.csproj", "{A146AF53-1D97-4F25-AE7C-3B8ABF1BA3E2}"
EndProject
Project("{9A19103F-16F7-4668-BE54-9A1E7A4F7556}") = "F10Y.T0011", "..\..\F10Y.T0011\source\F10Y.T0011\F10Y.T0011.csproj", "{411DE522-0255-4664-8847-FAC4A2490388}"
EndProject
Project("{9A19103F-16F7-4668-BE54-9A1E7A4F7556}") = "F10Y.Y0000", "..\..\F10Y.Y0000\source\F10Y.Y0000\F10Y.Y0000.csproj", "{841219FD-F560-48E8-9D6A-808808127681}"
EndProject
Project("{9A19103F-16F7-4668-BE54-9A1E7A4F7556}") = "F10Y.L0001", "..\..\F10Y.L0001\source\F10Y.L0001\F10Y.L0001.csproj", "{0CE881BC-21EA-4256-95C7-D794FFD82F45}"
EndProject
Project("{9A19103F-16F7-4668-BE54-9A1E7A4F7556}") = "F10Y.T0006", "..\..\F10Y.T0006\source\F10Y.T0006\F10Y.T0006.csproj", "{36B3A954-6184-4F43-AF92-3E2EF06C695F}"
EndProject
Project("{9A19103F-16F7-4668-BE54-9A1E7A4F7556}") = "F10Y.L0004", "..\..\F10Y.L0004\source\F10Y.L0004\F10Y.L0004.csproj", "{88CAB7C5-0268-4E0B-AE95-8118D993678C}"
EndProject
Project("{9A19103F-16F7-4668-BE54-9A1E7A4F7556}") = "F10Y.L0005", "..\..\F10Y.L0005\source\F10Y.L0005\F10Y.L0005.csproj", "{6ED26CF5-7A43-487B-9D40-4B17CFE0AB7A}"
EndProject
Project("{9A19103F-16F7-4668-BE54-9A1E7A4F7556}") = "F10Y.L0019", "..\..\F10Y.L0019\source\F10Y.L0019\F10Y.L0019.csproj", "{F9E59704-F291-433D-B0FD-AEC1D731D041}"
EndProject
Project("{9A19103F-16F7-4668-BE54-9A1E7A4F7556}") = "F10Y.Z0010.Z001", "F10Y.Z0010.Z001\F10Y.Z0010.Z001.csproj", "{AD76C85E-EE7B-4F41-9E15-DB7D08F913F9}"
EndProject
Project("{9A19103F-16F7-4668-BE54-9A1E7A4F7556}") = "F10Y.Z0010.Z002", "F10Y.Z0010.Z002\F10Y.Z0010.Z002.csproj", "{425E8C2A-3C6C-4789-99ED-9440290CDC90}"
EndProject
Project("{9A19103F-16F7-4668-BE54-9A1E7A4F7556}") = "F10Y.Z0000", "..\..\F10Y.Z0000\source\F10Y.Z0000\F10Y.Z0000.csproj", "{E40B2BD1-627D-4874-9B62-EC37CCFFA624}"
EndProject
Global
	GlobalSection(NestedProjects) = preSolution
		{F142D60F-9377-4A58-BEF1-D7669E79D930} = {6856F683-4D96-4ADC-A741-3E37D9B801C4}
		{1572E745-C94F-4DE1-A061-242FFD161AC3} = {6856F683-4D96-4ADC-A741-3E37D9B801C4}
		{C34AFCA9-F49C-44B8-9A97-7EF017ECCAAA} = {6856F683-4D96-4ADC-A741-3E37D9B801C4}
		{9E0FB813-00FA-42E6-B8C1-27A6AF702A3E} = {6856F683-4D96-4ADC-A741-3E37D9B801C4}
		{2C672B31-4D2B-4DE1-9C08-65FD5A12E1D2} = {6856F683-4D96-4ADC-A741-3E37D9B801C4}
		{A146AF53-1D97-4F25-AE7C-3B8ABF1BA3E2} = {6856F683-4D96-4ADC-A741-3E37D9B801C4}
		{411DE522-0255-4664-8847-FAC4A2490388} = {6856F683-4D96-4ADC-A741-3E37D9B801C4}
		{841219FD-F560-48E8-9D6A-808808127681} = {6856F683-4D96-4ADC-A741-3E37D9B801C4}
		{0CE881BC-21EA-4256-95C7-D794FFD82F45} = {6856F683-4D96-4ADC-A741-3E37D9B801C4}
		{36B3A954-6184-4F43-AF92-3E2EF06C695F} = {6856F683-4D96-4ADC-A741-3E37D9B801C4}
		{88CAB7C5-0268-4E0B-AE95-8118D993678C} = {6856F683-4D96-4ADC-A741-3E37D9B801C4}
		{6ED26CF5-7A43-487B-9D40-4B17CFE0AB7A} = {6856F683-4D96-4ADC-A741-3E37D9B801C4}
		{F9E59704-F291-433D-B0FD-AEC1D731D041} = {6856F683-4D96-4ADC-A741-3E37D9B801C4}
		{E40B2BD1-627D-4874-9B62-EC37CCFFA624} = {6856F683-4D96-4ADC-A741-3E37D9B801C4}
	EndGlobalSection
	GlobalSection(SolutionConfigurationPlatforms) = preSolution
		Debug|Any CPU = Debug|Any CPU
		Release|Any CPU = Release|Any CPU
	EndGlobalSection
	GlobalSection(ProjectConfigurationPlatforms) = postSolution
		{9C7B1E83-58B2-4D7E-BF40-73FC2C4176FC}.Debug|Any CPU.ActiveCfg = Debug|Any CPU
		{9C7B1E83-58B2-4D7E-BF40-73FC2C4176FC}.Debug|Any CPU.Build.0 = Debug|Any CPU
		{9C7B1E83-58B2-4D7E-BF40-73FC2C4176FC}.Release|Any CPU.ActiveCfg = Release|Any CPU
		{9C7B1E83-58B2-4D7E-BF40-73FC2C4176FC}.Release|Any CPU.Build.0 = Release|Any CPU
		{408BCDDD-BB6D-451D-A229-E27E0D5130EA}.Debug|Any CPU.ActiveCfg = Debug|Any CPU
		{408BCDDD-BB6D-451D-A229-E27E0D5130EA}.Debug|Any CPU.Build.0 = Debug|Any CPU
		{408BCDDD-BB6D-451D-A229-E27E0D5130EA}.Release|Any CPU.ActiveCfg = Release|Any CPU
		{408BCDDD-BB6D-451D-A229-E27E0D5130EA}.Release|Any CPU.Build.0 = Release|Any CPU
		{B301B1AE-C054-496E-B896-5F46B6349347}.Debug|Any CPU.ActiveCfg = Debug|Any CPU
		{B301B1AE-C054-496E-B896-5F46B6349347}.Debug|Any CPU.Build.0 = Debug|Any CPU
		{B301B1AE-C054-496E-B896-5F46B6349347}.Release|Any CPU.ActiveCfg = Release|Any CPU
		{B301B1AE-C054-496E-B896-5F46B6349347}.Release|Any CPU.Build.0 = Release|Any CPU
		{F142D60F-9377-4A58-BEF1-D7669E79D930}.Debug|Any CPU.ActiveCfg = Debug|Any CPU
		{F142D60F-9377-4A58-BEF1-D7669E79D930}.Debug|Any CPU.Build.0 = Debug|Any CPU
		{F142D60F-9377-4A58-BEF1-D7669E79D930}.Release|Any CPU.ActiveCfg = Release|Any CPU
		{F142D60F-9377-4A58-BEF1-D7669E79D930}.Release|Any CPU.Build.0 = Release|Any CPU
		{1572E745-C94F-4DE1-A061-242FFD161AC3}.Debug|Any CPU.ActiveCfg = Debug|Any CPU
		{1572E745-C94F-4DE1-A061-242FFD161AC3}.Debug|Any CPU.Build.0 = Debug|Any CPU
		{1572E745-C94F-4DE1-A061-242FFD161AC3}.Release|Any CPU.ActiveCfg = Release|Any CPU
		{1572E745-C94F-4DE1-A061-242FFD161AC3}.Release|Any CPU.Build.0 = Release|Any CPU
		{C34AFCA9-F49C-44B8-9A97-7EF017ECCAAA}.Debug|Any CPU.ActiveCfg = Debug|Any CPU
		{C34AFCA9-F49C-44B8-9A97-7EF017ECCAAA}.Debug|Any CPU.Build.0 = Debug|Any CPU
		{C34AFCA9-F49C-44B8-9A97-7EF017ECCAAA}.Release|Any CPU.ActiveCfg = Release|Any CPU
		{C34AFCA9-F49C-44B8-9A97-7EF017ECCAAA}.Release|Any CPU.Build.0 = Release|Any CPU
		{9E0FB813-00FA-42E6-B8C1-27A6AF702A3E}.Debug|Any CPU.ActiveCfg = Debug|Any CPU
		{9E0FB813-00FA-42E6-B8C1-27A6AF702A3E}.Debug|Any CPU.Build.0 = Debug|Any CPU
		{9E0FB813-00FA-42E6-B8C1-27A6AF702A3E}.Release|Any CPU.ActiveCfg = Release|Any CPU
		{9E0FB813-00FA-42E6-B8C1-27A6AF702A3E}.Release|Any CPU.Build.0 = Release|Any CPU
		{2C672B31-4D2B-4DE1-9C08-65FD5A12E1D2}.Debug|Any CPU.ActiveCfg = Debug|Any CPU
		{2C672B31-4D2B-4DE1-9C08-65FD5A12E1D2}.Debug|Any CPU.Build.0 = Debug|Any CPU
		{2C672B31-4D2B-4DE1-9C08-65FD5A12E1D2}.Release|Any CPU.ActiveCfg = Release|Any CPU
		{2C672B31-4D2B-4DE1-9C08-65FD5A12E1D2}.Release|Any CPU.Build.0 = Release|Any CPU
		{A146AF53-1D97-4F25-AE7C-3B8ABF1BA3E2}.Debug|Any CPU.ActiveCfg = Debug|Any CPU
		{A146AF53-1D97-4F25-AE7C-3B8ABF1BA3E2}.Debug|Any CPU.Build.0 = Debug|Any CPU
		{A146AF53-1D97-4F25-AE7C-3B8ABF1BA3E2}.Release|Any CPU.ActiveCfg = Release|Any CPU
		{A146AF53-1D97-4F25-AE7C-3B8ABF1BA3E2}.Release|Any CPU.Build.0 = Release|Any CPU
		{411DE522-0255-4664-8847-FAC4A2490388}.Debug|Any CPU.ActiveCfg = Debug|Any CPU
		{411DE522-0255-4664-8847-FAC4A2490388}.Debug|Any CPU.Build.0 = Debug|Any CPU
		{411DE522-0255-4664-8847-FAC4A2490388}.Release|Any CPU.ActiveCfg = Release|Any CPU
		{411DE522-0255-4664-8847-FAC4A2490388}.Release|Any CPU.Build.0 = Release|Any CPU
		{841219FD-F560-48E8-9D6A-808808127681}.Debug|Any CPU.ActiveCfg = Debug|Any CPU
		{841219FD-F560-48E8-9D6A-808808127681}.Debug|Any CPU.Build.0 = Debug|Any CPU
		{841219FD-F560-48E8-9D6A-808808127681}.Release|Any CPU.ActiveCfg = Release|Any CPU
		{841219FD-F560-48E8-9D6A-808808127681}.Release|Any CPU.Build.0 = Release|Any CPU
		{0CE881BC-21EA-4256-95C7-D794FFD82F45}.Debug|Any CPU.ActiveCfg = Debug|Any CPU
		{0CE881BC-21EA-4256-95C7-D794FFD82F45}.Debug|Any CPU.Build.0 = Debug|Any CPU
		{0CE881BC-21EA-4256-95C7-D794FFD82F45}.Release|Any CPU.ActiveCfg = Release|Any CPU
		{0CE881BC-21EA-4256-95C7-D794FFD82F45}.Release|Any CPU.Build.0 = Release|Any CPU
		{36B3A954-6184-4F43-AF92-3E2EF06C695F}.Debug|Any CPU.ActiveCfg = Debug|Any CPU
		{36B3A954-6184-4F43-AF92-3E2EF06C695F}.Debug|Any CPU.Build.0 = Debug|Any CPU
		{36B3A954-6184-4F43-AF92-3E2EF06C695F}.Release|Any CPU.ActiveCfg = Release|Any CPU
		{36B3A954-6184-4F43-AF92-3E2EF06C695F}.Release|Any CPU.Build.0 = Release|Any CPU
		{88CAB7C5-0268-4E0B-AE95-8118D993678C}.Debug|Any CPU.ActiveCfg = Debug|Any CPU
		{88CAB7C5-0268-4E0B-AE95-8118D993678C}.Debug|Any CPU.Build.0 = Debug|Any CPU
		{88CAB7C5-0268-4E0B-AE95-8118D993678C}.Release|Any CPU.ActiveCfg = Release|Any CPU
		{88CAB7C5-0268-4E0B-AE95-8118D993678C}.Release|Any CPU.Build.0 = Release|Any CPU
		{6ED26CF5-7A43-487B-9D40-4B17CFE0AB7A}.Debug|Any CPU.ActiveCfg = Debug|Any CPU
		{6ED26CF5-7A43-487B-9D40-4B17CFE0AB7A}.Debug|Any CPU.Build.0 = Debug|Any CPU
		{6ED26CF5-7A43-487B-9D40-4B17CFE0AB7A}.Release|Any CPU.ActiveCfg = Release|Any CPU
		{6ED26CF5-7A43-487B-9D40-4B17CFE0AB7A}.Release|Any CPU.Build.0 = Release|Any CPU
		{F9E59704-F291-433D-B0FD-AEC1D731D041}.Debug|Any CPU.ActiveCfg = Debug|Any CPU
		{F9E59704-F291-433D-B0FD-AEC1D731D041}.Debug|Any CPU.Build.0 = Debug|Any CPU
		{F9E59704-F291-433D-B0FD-AEC1D731D041}.Release|Any CPU.ActiveCfg = Release|Any CPU
		{F9E59704-F291-433D-B0FD-AEC1D731D041}.Release|Any CPU.Build.0 = Release|Any CPU
		{AD76C85E-EE7B-4F41-9E15-DB7D08F913F9}.Debug|Any CPU.ActiveCfg = Debug|Any CPU
		{AD76C85E-EE7B-4F41-9E15-DB7D08F913F9}.Debug|Any CPU.Build.0 = Debug|Any CPU
		{AD76C85E-EE7B-4F41-9E15-DB7D08F913F9}.Release|Any CPU.ActiveCfg = Release|Any CPU
		{AD76C85E-EE7B-4F41-9E15-DB7D08F913F9}.Release|Any CPU.Build.0 = Release|Any CPU
		{425E8C2A-3C6C-4789-99ED-9440290CDC90}.Debug|Any CPU.ActiveCfg = Debug|Any CPU
		{425E8C2A-3C6C-4789-99ED-9440290CDC90}.Debug|Any CPU.Build.0 = Debug|Any CPU
		{425E8C2A-3C6C-4789-99ED-9440290CDC90}.Release|Any CPU.ActiveCfg = Release|Any CPU
		{425E8C2A-3C6C-4789-99ED-9440290CDC90}.Release|Any CPU.Build.0 = Release|Any CPU
		{E40B2BD1-627D-4874-9B62-EC37CCFFA624}.Debug|Any CPU.ActiveCfg = Debug|Any CPU
		{E40B2BD1-627D-4874-9B62-EC37CCFFA624}.Debug|Any CPU.Build.0 = Debug|Any CPU
		{E40B2BD1-627D-4874-9B62-EC37CCFFA624}.Release|Any CPU.ActiveCfg = Release|Any CPU
		{E40B2BD1-627D-4874-9B62-EC37CCFFA624}.Release|Any CPU.Build.0 = Release|Any CPU
	EndGlobalSection
	GlobalSection(SolutionProperties) = preSolution
		HideSolutionNode = FALSE
	EndGlobalSection
	GlobalSection(ExtensibilityGlobals) = postSolution
		SolutionGuid = {68AEBA08-CDEB-47F3-A48F-1FBC14AC2EEF}
	EndGlobalSection
EndGlobal
